
Microsoft Visual Studio Solution File, Format Version 12.00
# Visual Studio Version 17
VisualStudioVersion = 17.3.32929.385
MinimumVisualStudioVersion = 10.0.40219.1
Project("{FAE04EC0-301F-11D3-BF4B-00C04F79EFBC}") = "ConsoleCalculator", "ConsoleCalculator.csproj", "{1A2B6956-F150-4A2D-BA6E-97C2380EE4E8}"
EndProject
Project("{FAE04EC0-301F-11D3-BF4B-00C04F79EFBC}") = "Calculator", "..\Calculator\Calculator.csproj", "{D5B007E3-82C6-47BC-AC39-7B78D7D31750}"
EndProject
Project("{FAE04EC0-301F-11D3-BF4B-00C04F79EFBC}") = "WinFormsCalculator", "..\WinFormsCalculator\WinFormsCalculator.csproj", "{9A321274-9832-4AF2-965E-CB4B8449440C}"
EndProject
Global
	GlobalSection(SolutionConfigurationPlatforms) = preSolution
		Debug|Any CPU = Debug|Any CPU
		Release|Any CPU = Release|Any CPU
	EndGlobalSection
	GlobalSection(ProjectConfigurationPlatforms) = postSolution
		{1A2B6956-F150-4A2D-BA6E-97C2380EE4E8}.Debug|Any CPU.ActiveCfg = Debug|Any CPU
		{1A2B6956-F150-4A2D-BA6E-97C2380EE4E8}.Debug|Any CPU.Build.0 = Debug|Any CPU
		{1A2B6956-F150-4A2D-BA6E-97C2380EE4E8}.Release|Any CPU.ActiveCfg = Release|Any CPU
		{1A2B6956-F150-4A2D-BA6E-97C2380EE4E8}.Release|Any CPU.Build.0 = Release|Any CPU
		{D5B007E3-82C6-47BC-AC39-7B78D7D31750}.Debug|Any CPU.ActiveCfg = Debug|Any CPU
		{D5B007E3-82C6-47BC-AC39-7B78D7D31750}.Debug|Any CPU.Build.0 = Debug|Any CPU
		{D5B007E3-82C6-47BC-AC39-7B78D7D31750}.Release|Any CPU.ActiveCfg = Release|Any CPU
		{D5B007E3-82C6-47BC-AC39-7B78D7D31750}.Release|Any CPU.Build.0 = Release|Any CPU
		{9A321274-9832-4AF2-965E-CB4B8449440C}.Debug|Any CPU.ActiveCfg = Debug|Any CPU
		{9A321274-9832-4AF2-965E-CB4B8449440C}.Debug|Any CPU.Build.0 = Debug|Any CPU
		{9A321274-9832-4AF2-965E-CB4B8449440C}.Release|Any CPU.ActiveCfg = Release|Any CPU
		{9A321274-9832-4AF2-965E-CB4B8449440C}.Release|Any CPU.Build.0 = Release|Any CPU
	EndGlobalSection
	GlobalSection(SolutionProperties) = preSolution
		HideSolutionNode = FALSE
	EndGlobalSection
	GlobalSection(ExtensibilityGlobals) = postSolution
		SolutionGuid = {615E8DE0-13BE-47A0-8819-D048ABB460BF}
	EndGlobalSection
EndGlobal
